
Microsoft Visual Studio Solution File, Format Version 12.00
# Visual Studio Version 17
VisualStudioVersion = 17.5.002.0
MinimumVisualStudioVersion = 10.0.40219.1
Project("{9A19103F-16F7-4668-BE54-9A1E7A4F7556}") = "TodoApi", "TodoApi.csproj", "{AE93CF43-9C00-4416-8E13-0E9E2DE343DA}"
EndProject
Global
	GlobalSection(SolutionConfigurationPlatforms) = preSolution
		Debug|Any CPU = Debug|Any CPU
		Release|Any CPU = Release|Any CPU
	EndGlobalSection
	GlobalSection(ProjectConfigurationPlatforms) = postSolution
		{AE93CF43-9C00-4416-8E13-0E9E2DE343DA}.Debug|Any CPU.ActiveCfg = Debug|Any CPU
		{AE93CF43-9C00-4416-8E13-0E9E2DE343DA}.Debug|Any CPU.Build.0 = Debug|Any CPU
		{AE93CF43-9C00-4416-8E13-0E9E2DE343DA}.Release|Any CPU.ActiveCfg = Release|Any CPU
		{AE93CF43-9C00-4416-8E13-0E9E2DE343DA}.Release|Any CPU.Build.0 = Release|Any CPU
	EndGlobalSection
	GlobalSection(SolutionProperties) = preSolution
		HideSolutionNode = FALSE
	EndGlobalSection
	GlobalSection(ExtensibilityGlobals) = postSolution
		SolutionGuid = {0500AF5B-7B86-4D88-8DB5-D8DCBB3948DF}
	EndGlobalSection
EndGlobal
