
Microsoft Visual Studio Solution File, Format Version 12.00
# Visual Studio Version 17
VisualStudioVersion = 17.0.31903.59
MinimumVisualStudioVersion = 10.0.40219.1
Project("{FAE04EC0-301F-11D3-BF4B-00C04F79EFBC}") = "TodoApi", "Reddit\TodoApi.csproj", "{185EAE80-54EE-4EF5-A5D6-AC93092ABCB1}"
EndProject
Project("{FAE04EC0-301F-11D3-BF4B-00C04F79EFBC}") = "shared", "shared\shared.csproj", "{8795ACB9-D0A3-4011-BF14-03C51DA0516C}"
EndProject
Project("{FAE04EC0-301F-11D3-BF4B-00C04F79EFBC}") = "kreddit-app", "kreddit-app\kreddit-app.csproj", "{3F8EBF24-7F6C-402D-8D9F-09C138E68461}"
EndProject
Global
	GlobalSection(SolutionConfigurationPlatforms) = preSolution
		Debug|Any CPU = Debug|Any CPU
		Release|Any CPU = Release|Any CPU
	EndGlobalSection
	GlobalSection(SolutionProperties) = preSolution
		HideSolutionNode = FALSE
	EndGlobalSection
	GlobalSection(ProjectConfigurationPlatforms) = postSolution
		{185EAE80-54EE-4EF5-A5D6-AC93092ABCB1}.Debug|Any CPU.ActiveCfg = Debug|Any CPU
		{185EAE80-54EE-4EF5-A5D6-AC93092ABCB1}.Debug|Any CPU.Build.0 = Debug|Any CPU
		{185EAE80-54EE-4EF5-A5D6-AC93092ABCB1}.Release|Any CPU.ActiveCfg = Release|Any CPU
		{185EAE80-54EE-4EF5-A5D6-AC93092ABCB1}.Release|Any CPU.Build.0 = Release|Any CPU
		{8795ACB9-D0A3-4011-BF14-03C51DA0516C}.Debug|Any CPU.ActiveCfg = Debug|Any CPU
		{8795ACB9-D0A3-4011-BF14-03C51DA0516C}.Debug|Any CPU.Build.0 = Debug|Any CPU
		{8795ACB9-D0A3-4011-BF14-03C51DA0516C}.Release|Any CPU.ActiveCfg = Release|Any CPU
		{8795ACB9-D0A3-4011-BF14-03C51DA0516C}.Release|Any CPU.Build.0 = Release|Any CPU
		{3F8EBF24-7F6C-402D-8D9F-09C138E68461}.Debug|Any CPU.ActiveCfg = Debug|Any CPU
		{3F8EBF24-7F6C-402D-8D9F-09C138E68461}.Debug|Any CPU.Build.0 = Debug|Any CPU
		{3F8EBF24-7F6C-402D-8D9F-09C138E68461}.Release|Any CPU.ActiveCfg = Release|Any CPU
		{3F8EBF24-7F6C-402D-8D9F-09C138E68461}.Release|Any CPU.Build.0 = Release|Any CPU
	EndGlobalSection
EndGlobal
